
Microsoft Visual Studio Solution File, Format Version 12.00
# Visual Studio Version 16
VisualStudioVersion = 16.0.29509.3
MinimumVisualStudioVersion = 10.0.40219.1
Project("{FAE04EC0-301F-11D3-BF4B-00C04F79EFBC}") = "Appium3.MsTest.Scripts", "Appium3.MsTest.Scripts\Appium3.MsTest.Scripts.csproj", "{346800AC-0743-4AA5-9683-21A918C8E09F}"
EndProject
Project("{2150E333-8FDC-42A3-9474-1A3956D46DE8}") = "DotnetFramework", "DotnetFramework", "{A4AB8989-1879-4BE1-A31F-6CFE3184C8C4}"
EndProject
Project("{2150E333-8FDC-42A3-9474-1A3956D46DE8}") = "Appium", "Appium", "{9D484871-5DE8-429F-975E-DF1B132906AD}"
EndProject
Project("{FAE04EC0-301F-11D3-BF4B-00C04F79EFBC}") = "Appium4.NUnit.Framework", "Appium4.NUnit.Framework\Appium4.NUnit.Framework.csproj", "{2200B23A-DE73-41E9-B5B7-56E88DD19A50}"
EndProject
Project("{2150E333-8FDC-42A3-9474-1A3956D46DE8}") = "Selenium", "Selenium", "{99658F68-7142-4562-9E6C-7D241D7FA372}"
EndProject
Project("{FAE04EC0-301F-11D3-BF4B-00C04F79EFBC}") = "Selenium3.MsTest.Scripts", "Selenium\Selenium3.MsTest.Scripts\Selenium3.MsTest.Scripts.csproj", "{821F4341-5D2A-4C01-BED1-616C157289FB}"
EndProject
Project("{FAE04EC0-301F-11D3-BF4B-00C04F79EFBC}") = "Common", "Common\Common.csproj", "{F2275AD1-393F-4A3F-BE76-533B672AC8CE}"
EndProject
Project("{FAE04EC0-301F-11D3-BF4B-00C04F79EFBC}") = "Selenium3.Nunit.Scripts", "Selenium3.Nunit.Scripts\Selenium3.Nunit.Scripts.csproj", "{DB7BF540-077E-46C4-BE1F-B644115EF2E0}"
EndProject
Global
	GlobalSection(SolutionConfigurationPlatforms) = preSolution
		Debug|Any CPU = Debug|Any CPU
		Release|Any CPU = Release|Any CPU
	EndGlobalSection
	GlobalSection(ProjectConfigurationPlatforms) = postSolution
		{346800AC-0743-4AA5-9683-21A918C8E09F}.Debug|Any CPU.ActiveCfg = Debug|Any CPU
		{346800AC-0743-4AA5-9683-21A918C8E09F}.Debug|Any CPU.Build.0 = Debug|Any CPU
		{346800AC-0743-4AA5-9683-21A918C8E09F}.Release|Any CPU.ActiveCfg = Release|Any CPU
		{346800AC-0743-4AA5-9683-21A918C8E09F}.Release|Any CPU.Build.0 = Release|Any CPU
		{2200B23A-DE73-41E9-B5B7-56E88DD19A50}.Debug|Any CPU.ActiveCfg = Debug|Any CPU
		{2200B23A-DE73-41E9-B5B7-56E88DD19A50}.Debug|Any CPU.Build.0 = Debug|Any CPU
		{2200B23A-DE73-41E9-B5B7-56E88DD19A50}.Release|Any CPU.ActiveCfg = Release|Any CPU
		{2200B23A-DE73-41E9-B5B7-56E88DD19A50}.Release|Any CPU.Build.0 = Release|Any CPU
		{821F4341-5D2A-4C01-BED1-616C157289FB}.Debug|Any CPU.ActiveCfg = Debug|Any CPU
		{821F4341-5D2A-4C01-BED1-616C157289FB}.Debug|Any CPU.Build.0 = Debug|Any CPU
		{821F4341-5D2A-4C01-BED1-616C157289FB}.Release|Any CPU.ActiveCfg = Release|Any CPU
		{821F4341-5D2A-4C01-BED1-616C157289FB}.Release|Any CPU.Build.0 = Release|Any CPU
		{F2275AD1-393F-4A3F-BE76-533B672AC8CE}.Debug|Any CPU.ActiveCfg = Debug|Any CPU
		{F2275AD1-393F-4A3F-BE76-533B672AC8CE}.Debug|Any CPU.Build.0 = Debug|Any CPU
		{F2275AD1-393F-4A3F-BE76-533B672AC8CE}.Release|Any CPU.ActiveCfg = Release|Any CPU
		{F2275AD1-393F-4A3F-BE76-533B672AC8CE}.Release|Any CPU.Build.0 = Release|Any CPU
		{DB7BF540-077E-46C4-BE1F-B644115EF2E0}.Debug|Any CPU.ActiveCfg = Debug|Any CPU
		{DB7BF540-077E-46C4-BE1F-B644115EF2E0}.Debug|Any CPU.Build.0 = Debug|Any CPU
		{DB7BF540-077E-46C4-BE1F-B644115EF2E0}.Release|Any CPU.ActiveCfg = Release|Any CPU
		{DB7BF540-077E-46C4-BE1F-B644115EF2E0}.Release|Any CPU.Build.0 = Release|Any CPU
	EndGlobalSection
	GlobalSection(SolutionProperties) = preSolution
		HideSolutionNode = FALSE
	EndGlobalSection
	GlobalSection(NestedProjects) = preSolution
		{346800AC-0743-4AA5-9683-21A918C8E09F} = {9D484871-5DE8-429F-975E-DF1B132906AD}
		{9D484871-5DE8-429F-975E-DF1B132906AD} = {A4AB8989-1879-4BE1-A31F-6CFE3184C8C4}
		{2200B23A-DE73-41E9-B5B7-56E88DD19A50} = {9D484871-5DE8-429F-975E-DF1B132906AD}
		{99658F68-7142-4562-9E6C-7D241D7FA372} = {A4AB8989-1879-4BE1-A31F-6CFE3184C8C4}
		{821F4341-5D2A-4C01-BED1-616C157289FB} = {99658F68-7142-4562-9E6C-7D241D7FA372}
		{DB7BF540-077E-46C4-BE1F-B644115EF2E0} = {99658F68-7142-4562-9E6C-7D241D7FA372}
	EndGlobalSection
	GlobalSection(ExtensibilityGlobals) = postSolution
		SolutionGuid = {995FEE76-5202-413C-98B6-02F1E4F460B5}
	EndGlobalSection
EndGlobal
